dependencies:
  idf:
    source:
      type: idf
    version: 5.5.1
  protocol_examples_common:
    dependencies: []
    source:
      path: D:\Users\hophu\esp\v5.5.1\esp-idf\examples\common_components\protocol_examples_common
      type: local
    version: '*'
direct_dependencies:
- idf
- protocol_examples_common
manifest_hash: 478da617bd0198ebc9464b01a26aca00232e62dc7e187f06b5e3e417240c2df4
target: esp32s3
version: 2.0.0
